
Microsoft Visual Studio Solution File, Format Version 12.00
# Visual Studio 15
VisualStudioVersion = 15.0.26124.0
MinimumVisualStudioVersion = 15.0.26124.0
Project("{FAE04EC0-301F-11D3-BF4B-00C04F79EFBC}") = "Algorithms", "Algorithms\Algorithms.csproj", "{ACE3394E-C5BE-4412-B294-975ADF2D5B6B}"
EndProject
Project("{FAE04EC0-301F-11D3-BF4B-00C04F79EFBC}") = "Algorithms.Tests", "Algorithms.Tests\Algorithms.Tests.csproj", "{05D06327-1D8E-46AF-A487-7E73CC0375AD}"
EndProject
Global
	GlobalSection(SolutionConfigurationPlatforms) = preSolution
		Debug|Any CPU = Debug|Any CPU
		Debug|x64 = Debug|x64
		Debug|x86 = Debug|x86
		Release|Any CPU = Release|Any CPU
		Release|x64 = Release|x64
		Release|x86 = Release|x86
	EndGlobalSection
	GlobalSection(SolutionProperties) = preSolution
		HideSolutionNode = FALSE
	EndGlobalSection
	GlobalSection(ProjectConfigurationPlatforms) = postSolution
		{ACE3394E-C5BE-4412-B294-975ADF2D5B6B}.Debug|Any CPU.ActiveCfg = Debug|Any CPU
		{ACE3394E-C5BE-4412-B294-975ADF2D5B6B}.Debug|Any CPU.Build.0 = Debug|Any CPU
		{ACE3394E-C5BE-4412-B294-975ADF2D5B6B}.Debug|x64.ActiveCfg = Debug|Any CPU
		{ACE3394E-C5BE-4412-B294-975ADF2D5B6B}.Debug|x64.Build.0 = Debug|Any CPU
		{ACE3394E-C5BE-4412-B294-975ADF2D5B6B}.Debug|x86.ActiveCfg = Debug|Any CPU
		{ACE3394E-C5BE-4412-B294-975ADF2D5B6B}.Debug|x86.Build.0 = Debug|Any CPU
		{ACE3394E-C5BE-4412-B294-975ADF2D5B6B}.Release|Any CPU.ActiveCfg = Release|Any CPU
		{ACE3394E-C5BE-4412-B294-975ADF2D5B6B}.Release|Any CPU.Build.0 = Release|Any CPU
		{ACE3394E-C5BE-4412-B294-975ADF2D5B6B}.Release|x64.ActiveCfg = Release|Any CPU
		{ACE3394E-C5BE-4412-B294-975ADF2D5B6B}.Release|x64.Build.0 = Release|Any CPU
		{ACE3394E-C5BE-4412-B294-975ADF2D5B6B}.Release|x86.ActiveCfg = Release|Any CPU
		{ACE3394E-C5BE-4412-B294-975ADF2D5B6B}.Release|x86.Build.0 = Release|Any CPU
		{05D06327-1D8E-46AF-A487-7E73CC0375AD}.Debug|Any CPU.ActiveCfg = Debug|Any CPU
		{05D06327-1D8E-46AF-A487-7E73CC0375AD}.Debug|Any CPU.Build.0 = Debug|Any CPU
		{05D06327-1D8E-46AF-A487-7E73CC0375AD}.Debug|x64.ActiveCfg = Debug|Any CPU
		{05D06327-1D8E-46AF-A487-7E73CC0375AD}.Debug|x64.Build.0 = Debug|Any CPU
		{05D06327-1D8E-46AF-A487-7E73CC0375AD}.Debug|x86.ActiveCfg = Debug|Any CPU
		{05D06327-1D8E-46AF-A487-7E73CC0375AD}.Debug|x86.Build.0 = Debug|Any CPU
		{05D06327-1D8E-46AF-A487-7E73CC0375AD}.Release|Any CPU.ActiveCfg = Release|Any CPU
		{05D06327-1D8E-46AF-A487-7E73CC0375AD}.Release|Any CPU.Build.0 = Release|Any CPU
		{05D06327-1D8E-46AF-A487-7E73CC0375AD}.Release|x64.ActiveCfg = Release|Any CPU
		{05D06327-1D8E-46AF-A487-7E73CC0375AD}.Release|x64.Build.0 = Release|Any CPU
		{05D06327-1D8E-46AF-A487-7E73CC0375AD}.Release|x86.ActiveCfg = Release|Any CPU
		{05D06327-1D8E-46AF-A487-7E73CC0375AD}.Release|x86.Build.0 = Release|Any CPU
	EndGlobalSection
EndGlobal
